
Microsoft Visual Studio Solution File, Format Version 12.00
# Visual Studio 15
VisualStudioVersion = 15.0.27703.2035
MinimumVisualStudioVersion = 10.0.40219.1
Project("{2150E333-8FDC-42A3-9474-1A3956D46DE8}") = "website", "website", "{CA956CB7-D2B0-4EA7-8F00-33D93FCF76B5}"
EndProject
Project("{2150E333-8FDC-42A3-9474-1A3956D46DE8}") = "services", "services", "{8C8A86EE-75F7-43F3-B247-45132CC70B95}"
EndProject
Project("{2150E333-8FDC-42A3-9474-1A3956D46DE8}") = "user", "user", "{AF9BC8DB-F72A-43F8-B400-D24C02A77B6E}"
EndProject
Project("{2150E333-8FDC-42A3-9474-1A3956D46DE8}") = "basicdata", "basicdata", "{ECA20242-5699-4378-9E29-1C44C8412566}"
EndProject
Project("{2150E333-8FDC-42A3-9474-1A3956D46DE8}") = "businesssystem", "businesssystem", "{A9D24DFE-0EA9-434F-9958-1DA107A6EB82}"
EndProject
Project("{2150E333-8FDC-42A3-9474-1A3956D46DE8}") = "financialsystem", "financialsystem", "{6C59AE9D-3AA8-403D-96C2-B29CE707DCE7}"
EndProject
Project("{9A19103F-16F7-4668-BE54-9A1E7A4F7556}") = "User.API", "services\user\User.API\User.API.csproj", "{9F400365-631E-43B2-A810-8E075A41590C}"
EndProject
Project("{9A19103F-16F7-4668-BE54-9A1E7A4F7556}") = "User.DAL", "services\user\User.DAL\User.DAL.csproj", "{8904F326-0D60-427F-AB52-717B29997D1C}"
EndProject
Project("{9A19103F-16F7-4668-BE54-9A1E7A4F7556}") = "User.BLL", "services\user\User.BLL\User.BLL.csproj", "{10CA67BA-D705-4027-814A-664414CDA255}"
EndProject
Project("{9A19103F-16F7-4668-BE54-9A1E7A4F7556}") = "User.Model", "services\user\User.Model\User.Model.csproj", "{20728425-F996-4F46-A7C3-D5BB0DE357FB}"
EndProject
Project("{2150E333-8FDC-42A3-9474-1A3956D46DE8}") = "core", "core", "{34AD2C52-DF19-482D-AFA0-B6A5C3042325}"
EndProject
Project("{2150E333-8FDC-42A3-9474-1A3956D46DE8}") = "cache", "cache", "{EBA8B23A-DE9E-4642-8288-761A3CEB72C1}"
EndProject
Project("{9A19103F-16F7-4668-BE54-9A1E7A4F7556}") = "Cache.Model", "services\cache\Cache.Model\Cache.Model.csproj", "{75CE257B-1203-48F3-8713-2238D344E1BF}"
EndProject
Project("{9A19103F-16F7-4668-BE54-9A1E7A4F7556}") = "Cache.API", "services\cache\Cache.API\Cache.API.csproj", "{F813A652-956F-49FB-8201-A42DF9C9BB0E}"
EndProject
Project("{9A19103F-16F7-4668-BE54-9A1E7A4F7556}") = "Cache.BLL", "services\cache\Cache.Business\Cache.BLL.csproj", "{BA50DFB6-DC70-4F59-A8AC-E1FDB11316BD}"
EndProject
Project("{9A19103F-16F7-4668-BE54-9A1E7A4F7556}") = "User.Interface", "services\user\User.Interface\User.Interface.csproj", "{45BE7D52-BB80-4302-97C2-4B36A16672B3}"
EndProject
Project("{9A19103F-16F7-4668-BE54-9A1E7A4F7556}") = "Login.UI", "website\login\Login.UI\Login.UI.csproj", "{460FEE58-C124-42EE-ABDB-91477A92EBF4}"
EndProject
Project("{2150E333-8FDC-42A3-9474-1A3956D46DE8}") = "login", "login", "{0F206CA5-2D6B-4535-A730-8BD14D470FC1}"
EndProject
Project("{2150E333-8FDC-42A3-9474-1A3956D46DE8}") = "static", "static", "{C266A2AB-5509-4D9C-941B-2601AB56C7AB}"
EndProject
Project("{9A19103F-16F7-4668-BE54-9A1E7A4F7556}") = "Static.UI", "website\static\Static.UI\Static.UI.csproj", "{7167F98F-2F93-4A0D-BB45-B7AA03C81A72}"
EndProject
Project("{9A19103F-16F7-4668-BE54-9A1E7A4F7556}") = "User.Common", "services\user\User.Common\User.Common.csproj", "{293043B6-4F02-483F-BC0E-A56ADF6E37FF}"
EndProject
Project("{9A19103F-16F7-4668-BE54-9A1E7A4F7556}") = "Core.Model", "core\Core.Model\Core.Model.csproj", "{93DACBC9-6359-4700-B4FF-3E90D60C0EE7}"
EndProject
Project("{2150E333-8FDC-42A3-9474-1A3956D46DE8}") = "gateway", "gateway", "{8A254272-3431-4FCA-B47C-E0EE492B20C2}"
EndProject
Project("{2150E333-8FDC-42A3-9474-1A3956D46DE8}") = "my", "my", "{119AC2E9-6082-406E-91F9-3D9176988442}"
EndProject
Project("{9A19103F-16F7-4668-BE54-9A1E7A4F7556}") = "Core.Cache", "core\Core.Cache\Core.Cache.csproj", "{852BB005-0E2E-44FD-A1FA-914C6BE10A8B}"
EndProject
Project("{9A19103F-16F7-4668-BE54-9A1E7A4F7556}") = "Gateway.Common", "gateway\Gateway.Common\Gateway.Common.csproj", "{5EDE69E9-CDC6-4622-992E-D4EA1DE02B10}"
EndProject
Project("{9A19103F-16F7-4668-BE54-9A1E7A4F7556}") = "Organization.API", "services\organization\Organization.API\Organization.API.csproj", "{8845AB44-2BAA-43E0-9C45-1DED02E920C5}"
EndProject
Project("{9A19103F-16F7-4668-BE54-9A1E7A4F7556}") = "Organization.Model", "services\organization\Organization.Model\Organization.Model.csproj", "{0D9A84DC-6F31-45A9-A686-4FBAF580E447}"
EndProject
Project("{2150E333-8FDC-42A3-9474-1A3956D46DE8}") = "organization", "organization", "{8BF45945-F20F-43ED-B82C-63EBBD3E74AE}"
EndProject
Project("{9A19103F-16F7-4668-BE54-9A1E7A4F7556}") = "Organization.BLL", "services\organization\Organization.BLL\Organization.BLL.csproj", "{EF774400-3E01-489E-9C04-7DD503F2D5DC}"
EndProject
Project("{9A19103F-16F7-4668-BE54-9A1E7A4F7556}") = "Organization.DAL", "services\organization\Organization.DAL\Organization.DAL.csproj", "{E85C45D8-F5D3-4A10-932E-1EC21B9D1615}"
EndProject
Project("{9A19103F-16F7-4668-BE54-9A1E7A4F7556}") = "Core.ORM", "core\Core.ORM\Core.ORM.csproj", "{5A7E1455-C58D-4D51-92A4-AFD47D6C1B84}"
EndProject
Project("{9A19103F-16F7-4668-BE54-9A1E7A4F7556}") = "Organization.Common", "services\organization\Organization.Common\Organization.Common.csproj", "{1B4EF7EF-33A4-486D-9AF9-997235851948}"
EndProject
Project("{9A19103F-16F7-4668-BE54-9A1E7A4F7556}") = "Gateway.API", "gateway\Gateway.API\Gateway.API.csproj", "{340E1F4A-C478-469C-9266-B3966F4ED61A}"
EndProject
Project("{2150E333-8FDC-42A3-9474-1A3956D46DE8}") = "go", "go", "{70901793-9E60-449C-9041-81D8C438BA6C}"
EndProject
Project("{9A19103F-16F7-4668-BE54-9A1E7A4F7556}") = "My.UI", "website\my\My.UI\My.UI.csproj", "{E11C8B1F-3829-48B3-B932-521D0E0E0FD3}"
EndProject
Project("{9A19103F-16F7-4668-BE54-9A1E7A4F7556}") = "Go.UI", "website\go\Go.UI\Go.UI.csproj", "{14989855-1B33-49A8-B63E-F53F821E33A1}"
EndProject
Project("{9A19103F-16F7-4668-BE54-9A1E7A4F7556}") = "Core.EventBus", "core\Core.EventBus\Core.EventBus.csproj", "{D6395BEA-7C8F-4E8C-A8DA-301499A19071}"
EndProject
Project("{9A19103F-16F7-4668-BE54-9A1E7A4F7556}") = "Core.Common", "core\Core.Common\Core.Common.csproj", "{5341FFF9-CAD5-454F-B84B-0B4433E7D47D}"
EndProject
Project("{2150E333-8FDC-42A3-9474-1A3956D46DE8}") = "configcenter", "configcenter", "{9CC0458C-521B-40AF-82E1-0129ADD0DB66}"
EndProject
Project("{9A19103F-16F7-4668-BE54-9A1E7A4F7556}") = "ConfigCenter.API", "services\configcenter\ConfigCenter.API\ConfigCenter.API.csproj", "{DE648922-64EC-4F45-A2C7-80496CABEC28}"
EndProject
Project("{9A19103F-16F7-4668-BE54-9A1E7A4F7556}") = "Core.ConfigurationCenter", "core\Core.ConfiguartionCenter\Core.ConfigurationCenter.csproj", "{16E44A43-6D5E-4361-AFBA-B6E081E3AF0C}"
EndProject
Project("{2150E333-8FDC-42A3-9474-1A3956D46DE8}") = "fixedassets", "fixedassets", "{0C3AD21F-FC2E-49D9-84CF-12BF4F9FC618}"
EndProject
Project("{9A19103F-16F7-4668-BE54-9A1E7A4F7556}") = "Organization.Interface", "services\organization\Organization.Interface\Organization.Interface.csproj", "{E161B3BE-F260-4032-BA90-49012C082EE5}"
EndProject
Project("{2150E333-8FDC-42A3-9474-1A3956D46DE8}") = "notification", "notification", "{72DC8B5F-3E24-4C5F-A3FE-6E63160B8BA2}"
EndProject
Project("{9A19103F-16F7-4668-BE54-9A1E7A4F7556}") = "Notification.API", "services\notification\Notification.API\Notification.API.csproj", "{08383205-207F-4B45-B3D2-AFF13A47F984}"
EndProject
Project("{9A19103F-16F7-4668-BE54-9A1E7A4F7556}") = "Core.Context", "core\Core.Context\Core.Context.csproj", "{7BB0ECCE-5482-4967-8EB2-D3323B16745A}"
EndProject
Project("{2150E333-8FDC-42A3-9474-1A3956D46DE8}") = "logsystem", "logsystem", "{5285CFC4-D53B-40CA-9DF2-3DB06FB00D57}"
EndProject
Project("{9A19103F-16F7-4668-BE54-9A1E7A4F7556}") = "Log.API", "services\log\Log.API\Log.API.csproj", "{ED4772C1-7916-4335-A2D5-E0D429D3A5FB}"
EndProject
Project("{9A19103F-16F7-4668-BE54-9A1E7A4F7556}") = "Core.Log", "core\Core.Log\Core.Log.csproj", "{280EF487-2248-40CE-A898-D0416F0E35A0}"
EndProject
Project("{9A19103F-16F7-4668-BE54-9A1E7A4F7556}") = "Core.Http", "core\Core.Http\Core.Http.csproj", "{E48E786C-AE57-4ECD-BB53-714C91F2E87F}"
EndProject
Project("{9A19103F-16F7-4668-BE54-9A1E7A4F7556}") = "Core.ExceptionHandle", "core\Core.ExceptionHandle\Core.ExceptionHandle.csproj", "{B27D00A2-2C44-4C6E-A5FF-3C08DB870D69}"
EndProject
Project("{2150E333-8FDC-42A3-9474-1A3956D46DE8}") = "Domain", "Domain", "{F61F15ED-2FA2-48C4-825C-674087DF184E}"
EndProject
Project("{9A19103F-16F7-4668-BE54-9A1E7A4F7556}") = "BasicData.Application", "services\basicdata\BasicData.Application\BasicData.Application.csproj", "{55C68AB8-8FB6-4E7A-9B8E-77D83191136C}"
EndProject
Project("{9A19103F-16F7-4668-BE54-9A1E7A4F7556}") = "BasicData.Infrastructure", "services\basicdata\BasicData.Infrastructure\BasicData.Infrastructure.csproj", "{7168C95A-9E96-47E9-A469-521327C53145}"
EndProject
Project("{9A19103F-16F7-4668-BE54-9A1E7A4F7556}") = "BasicData.Domain.AggregateContact", "services\basicdata\BasicData.Domain.AggregateContact\BasicData.Domain.AggregateContact.csproj", "{B0EB2EC5-8E19-4A90-B899-642049A0D3B9}"
EndProject
Project("{9A19103F-16F7-4668-BE54-9A1E7A4F7556}") = "BasicData.Interfaces", "services\basicdata\BasicData.Interfaces\BasicData.Interfaces.csproj", "{47CCF074-D6B4-450C-860D-3AC370CE0D07}"
EndProject
Project("{9A19103F-16F7-4668-BE54-9A1E7A4F7556}") = "BasicData.Domain.AggregateAccount", "services\basicdata\BasicData.Domain.AggregateAccount\BasicData.Domain.AggregateAccount.csproj", "{E98CF09B-4424-441D-AD48-BFCF25BA74D9}"
EndProject
Project("{FAE04EC0-301F-11D3-BF4B-00C04F79EFBC}") = "Core.CustomException", "Core.CustomException\Core.CustomException.csproj", "{21B62069-4FD9-4CE5-9C89-9E5F2DAED680}"
EndProject
Project("{FAE04EC0-301F-11D3-BF4B-00C04F79EFBC}") = "Core.AutoMapper", "core\Core.AutoMapper\Core.AutoMapper.csproj", "{89EF2F82-9D17-4A27-8B8E-AF73AB061320}"
EndProject
Project("{FAE04EC0-301F-11D3-BF4B-00C04F79EFBC}") = "BasicData.DTO", "services\basicdata\BasicData.DTO\BasicData.DTO.csproj", "{D48EE64E-613E-4916-A6AB-A5AFD70FA050}"
EndProject
Global
	GlobalSection(SolutionConfigurationPlatforms) = preSolution
		Debug|Any CPU = Debug|Any CPU
		Release|Any CPU = Release|Any CPU
	EndGlobalSection
	GlobalSection(ProjectConfigurationPlatforms) = postSolution
		{9F400365-631E-43B2-A810-8E075A41590C}.Debug|Any CPU.ActiveCfg = Debug|Any CPU
		{9F400365-631E-43B2-A810-8E075A41590C}.Debug|Any CPU.Build.0 = Debug|Any CPU
		{9F400365-631E-43B2-A810-8E075A41590C}.Release|Any CPU.ActiveCfg = Release|Any CPU
		{9F400365-631E-43B2-A810-8E075A41590C}.Release|Any CPU.Build.0 = Release|Any CPU
		{8904F326-0D60-427F-AB52-717B29997D1C}.Debug|Any CPU.ActiveCfg = Debug|Any CPU
		{8904F326-0D60-427F-AB52-717B29997D1C}.Debug|Any CPU.Build.0 = Debug|Any CPU
		{8904F326-0D60-427F-AB52-717B29997D1C}.Release|Any CPU.ActiveCfg = Release|Any CPU
		{8904F326-0D60-427F-AB52-717B29997D1C}.Release|Any CPU.Build.0 = Release|Any CPU
		{10CA67BA-D705-4027-814A-664414CDA255}.Debug|Any CPU.ActiveCfg = Debug|Any CPU
		{10CA67BA-D705-4027-814A-664414CDA255}.Debug|Any CPU.Build.0 = Debug|Any CPU
		{10CA67BA-D705-4027-814A-664414CDA255}.Release|Any CPU.ActiveCfg = Release|Any CPU
		{10CA67BA-D705-4027-814A-664414CDA255}.Release|Any CPU.Build.0 = Release|Any CPU
		{20728425-F996-4F46-A7C3-D5BB0DE357FB}.Debug|Any CPU.ActiveCfg = Debug|Any CPU
		{20728425-F996-4F46-A7C3-D5BB0DE357FB}.Debug|Any CPU.Build.0 = Debug|Any CPU
		{20728425-F996-4F46-A7C3-D5BB0DE357FB}.Release|Any CPU.ActiveCfg = Release|Any CPU
		{20728425-F996-4F46-A7C3-D5BB0DE357FB}.Release|Any CPU.Build.0 = Release|Any CPU
		{75CE257B-1203-48F3-8713-2238D344E1BF}.Debug|Any CPU.ActiveCfg = Debug|Any CPU
		{75CE257B-1203-48F3-8713-2238D344E1BF}.Debug|Any CPU.Build.0 = Debug|Any CPU
		{75CE257B-1203-48F3-8713-2238D344E1BF}.Release|Any CPU.ActiveCfg = Release|Any CPU
		{75CE257B-1203-48F3-8713-2238D344E1BF}.Release|Any CPU.Build.0 = Release|Any CPU
		{F813A652-956F-49FB-8201-A42DF9C9BB0E}.Debug|Any CPU.ActiveCfg = Debug|Any CPU
		{F813A652-956F-49FB-8201-A42DF9C9BB0E}.Debug|Any CPU.Build.0 = Debug|Any CPU
		{F813A652-956F-49FB-8201-A42DF9C9BB0E}.Release|Any CPU.ActiveCfg = Release|Any CPU
		{F813A652-956F-49FB-8201-A42DF9C9BB0E}.Release|Any CPU.Build.0 = Release|Any CPU
		{BA50DFB6-DC70-4F59-A8AC-E1FDB11316BD}.Debug|Any CPU.ActiveCfg = Debug|Any CPU
		{BA50DFB6-DC70-4F59-A8AC-E1FDB11316BD}.Debug|Any CPU.Build.0 = Debug|Any CPU
		{BA50DFB6-DC70-4F59-A8AC-E1FDB11316BD}.Release|Any CPU.ActiveCfg = Release|Any CPU
		{BA50DFB6-DC70-4F59-A8AC-E1FDB11316BD}.Release|Any CPU.Build.0 = Release|Any CPU
		{45BE7D52-BB80-4302-97C2-4B36A16672B3}.Debug|Any CPU.ActiveCfg = Debug|Any CPU
		{45BE7D52-BB80-4302-97C2-4B36A16672B3}.Debug|Any CPU.Build.0 = Debug|Any CPU
		{45BE7D52-BB80-4302-97C2-4B36A16672B3}.Release|Any CPU.ActiveCfg = Release|Any CPU
		{45BE7D52-BB80-4302-97C2-4B36A16672B3}.Release|Any CPU.Build.0 = Release|Any CPU
		{460FEE58-C124-42EE-ABDB-91477A92EBF4}.Debug|Any CPU.ActiveCfg = Debug|Any CPU
		{460FEE58-C124-42EE-ABDB-91477A92EBF4}.Debug|Any CPU.Build.0 = Debug|Any CPU
		{460FEE58-C124-42EE-ABDB-91477A92EBF4}.Release|Any CPU.ActiveCfg = Release|Any CPU
		{460FEE58-C124-42EE-ABDB-91477A92EBF4}.Release|Any CPU.Build.0 = Release|Any CPU
		{7167F98F-2F93-4A0D-BB45-B7AA03C81A72}.Debug|Any CPU.ActiveCfg = Debug|Any CPU
		{7167F98F-2F93-4A0D-BB45-B7AA03C81A72}.Debug|Any CPU.Build.0 = Debug|Any CPU
		{7167F98F-2F93-4A0D-BB45-B7AA03C81A72}.Release|Any CPU.ActiveCfg = Release|Any CPU
		{7167F98F-2F93-4A0D-BB45-B7AA03C81A72}.Release|Any CPU.Build.0 = Release|Any CPU
		{293043B6-4F02-483F-BC0E-A56ADF6E37FF}.Debug|Any CPU.ActiveCfg = Debug|Any CPU
		{293043B6-4F02-483F-BC0E-A56ADF6E37FF}.Debug|Any CPU.Build.0 = Debug|Any CPU
		{293043B6-4F02-483F-BC0E-A56ADF6E37FF}.Release|Any CPU.ActiveCfg = Release|Any CPU
		{293043B6-4F02-483F-BC0E-A56ADF6E37FF}.Release|Any CPU.Build.0 = Release|Any CPU
		{93DACBC9-6359-4700-B4FF-3E90D60C0EE7}.Debug|Any CPU.ActiveCfg = Debug|Any CPU
		{93DACBC9-6359-4700-B4FF-3E90D60C0EE7}.Debug|Any CPU.Build.0 = Debug|Any CPU
		{93DACBC9-6359-4700-B4FF-3E90D60C0EE7}.Release|Any CPU.ActiveCfg = Release|Any CPU
		{93DACBC9-6359-4700-B4FF-3E90D60C0EE7}.Release|Any CPU.Build.0 = Release|Any CPU
		{852BB005-0E2E-44FD-A1FA-914C6BE10A8B}.Debug|Any CPU.ActiveCfg = Debug|Any CPU
		{852BB005-0E2E-44FD-A1FA-914C6BE10A8B}.Debug|Any CPU.Build.0 = Debug|Any CPU
		{852BB005-0E2E-44FD-A1FA-914C6BE10A8B}.Release|Any CPU.ActiveCfg = Release|Any CPU
		{852BB005-0E2E-44FD-A1FA-914C6BE10A8B}.Release|Any CPU.Build.0 = Release|Any CPU
		{5EDE69E9-CDC6-4622-992E-D4EA1DE02B10}.Debug|Any CPU.ActiveCfg = Debug|Any CPU
		{5EDE69E9-CDC6-4622-992E-D4EA1DE02B10}.Debug|Any CPU.Build.0 = Debug|Any CPU
		{5EDE69E9-CDC6-4622-992E-D4EA1DE02B10}.Release|Any CPU.ActiveCfg = Release|Any CPU
		{5EDE69E9-CDC6-4622-992E-D4EA1DE02B10}.Release|Any CPU.Build.0 = Release|Any CPU
		{8845AB44-2BAA-43E0-9C45-1DED02E920C5}.Debug|Any CPU.ActiveCfg = Debug|Any CPU
		{8845AB44-2BAA-43E0-9C45-1DED02E920C5}.Debug|Any CPU.Build.0 = Debug|Any CPU
		{8845AB44-2BAA-43E0-9C45-1DED02E920C5}.Release|Any CPU.ActiveCfg = Release|Any CPU
		{8845AB44-2BAA-43E0-9C45-1DED02E920C5}.Release|Any CPU.Build.0 = Release|Any CPU
		{0D9A84DC-6F31-45A9-A686-4FBAF580E447}.Debug|Any CPU.ActiveCfg = Debug|Any CPU
		{0D9A84DC-6F31-45A9-A686-4FBAF580E447}.Debug|Any CPU.Build.0 = Debug|Any CPU
		{0D9A84DC-6F31-45A9-A686-4FBAF580E447}.Release|Any CPU.ActiveCfg = Release|Any CPU
		{0D9A84DC-6F31-45A9-A686-4FBAF580E447}.Release|Any CPU.Build.0 = Release|Any CPU
		{EF774400-3E01-489E-9C04-7DD503F2D5DC}.Debug|Any CPU.ActiveCfg = Debug|Any CPU
		{EF774400-3E01-489E-9C04-7DD503F2D5DC}.Debug|Any CPU.Build.0 = Debug|Any CPU
		{EF774400-3E01-489E-9C04-7DD503F2D5DC}.Release|Any CPU.ActiveCfg = Release|Any CPU
		{EF774400-3E01-489E-9C04-7DD503F2D5DC}.Release|Any CPU.Build.0 = Release|Any CPU
		{E85C45D8-F5D3-4A10-932E-1EC21B9D1615}.Debug|Any CPU.ActiveCfg = Debug|Any CPU
		{E85C45D8-F5D3-4A10-932E-1EC21B9D1615}.Debug|Any CPU.Build.0 = Debug|Any CPU
		{E85C45D8-F5D3-4A10-932E-1EC21B9D1615}.Release|Any CPU.ActiveCfg = Release|Any CPU
		{E85C45D8-F5D3-4A10-932E-1EC21B9D1615}.Release|Any CPU.Build.0 = Release|Any CPU
		{5A7E1455-C58D-4D51-92A4-AFD47D6C1B84}.Debug|Any CPU.ActiveCfg = Debug|Any CPU
		{5A7E1455-C58D-4D51-92A4-AFD47D6C1B84}.Debug|Any CPU.Build.0 = Debug|Any CPU
		{5A7E1455-C58D-4D51-92A4-AFD47D6C1B84}.Release|Any CPU.ActiveCfg = Release|Any CPU
		{5A7E1455-C58D-4D51-92A4-AFD47D6C1B84}.Release|Any CPU.Build.0 = Release|Any CPU
		{1B4EF7EF-33A4-486D-9AF9-997235851948}.Debug|Any CPU.ActiveCfg = Debug|Any CPU
		{1B4EF7EF-33A4-486D-9AF9-997235851948}.Debug|Any CPU.Build.0 = Debug|Any CPU
		{1B4EF7EF-33A4-486D-9AF9-997235851948}.Release|Any CPU.ActiveCfg = Release|Any CPU
		{1B4EF7EF-33A4-486D-9AF9-997235851948}.Release|Any CPU.Build.0 = Release|Any CPU
		{340E1F4A-C478-469C-9266-B3966F4ED61A}.Debug|Any CPU.ActiveCfg = Debug|Any CPU
		{340E1F4A-C478-469C-9266-B3966F4ED61A}.Debug|Any CPU.Build.0 = Debug|Any CPU
		{340E1F4A-C478-469C-9266-B3966F4ED61A}.Release|Any CPU.ActiveCfg = Release|Any CPU
		{340E1F4A-C478-469C-9266-B3966F4ED61A}.Release|Any CPU.Build.0 = Release|Any CPU
		{E11C8B1F-3829-48B3-B932-521D0E0E0FD3}.Debug|Any CPU.ActiveCfg = Debug|Any CPU
		{E11C8B1F-3829-48B3-B932-521D0E0E0FD3}.Debug|Any CPU.Build.0 = Debug|Any CPU
		{E11C8B1F-3829-48B3-B932-521D0E0E0FD3}.Release|Any CPU.ActiveCfg = Release|Any CPU
		{E11C8B1F-3829-48B3-B932-521D0E0E0FD3}.Release|Any CPU.Build.0 = Release|Any CPU
		{14989855-1B33-49A8-B63E-F53F821E33A1}.Debug|Any CPU.ActiveCfg = Debug|Any CPU
		{14989855-1B33-49A8-B63E-F53F821E33A1}.Debug|Any CPU.Build.0 = Debug|Any CPU
		{14989855-1B33-49A8-B63E-F53F821E33A1}.Release|Any CPU.ActiveCfg = Release|Any CPU
		{14989855-1B33-49A8-B63E-F53F821E33A1}.Release|Any CPU.Build.0 = Release|Any CPU
		{D6395BEA-7C8F-4E8C-A8DA-301499A19071}.Debug|Any CPU.ActiveCfg = Debug|Any CPU
		{D6395BEA-7C8F-4E8C-A8DA-301499A19071}.Debug|Any CPU.Build.0 = Debug|Any CPU
		{D6395BEA-7C8F-4E8C-A8DA-301499A19071}.Release|Any CPU.ActiveCfg = Release|Any CPU
		{D6395BEA-7C8F-4E8C-A8DA-301499A19071}.Release|Any CPU.Build.0 = Release|Any CPU
		{5341FFF9-CAD5-454F-B84B-0B4433E7D47D}.Debug|Any CPU.ActiveCfg = Debug|Any CPU
		{5341FFF9-CAD5-454F-B84B-0B4433E7D47D}.Debug|Any CPU.Build.0 = Debug|Any CPU
		{5341FFF9-CAD5-454F-B84B-0B4433E7D47D}.Release|Any CPU.ActiveCfg = Release|Any CPU
		{5341FFF9-CAD5-454F-B84B-0B4433E7D47D}.Release|Any CPU.Build.0 = Release|Any CPU
		{DE648922-64EC-4F45-A2C7-80496CABEC28}.Debug|Any CPU.ActiveCfg = Debug|Any CPU
		{DE648922-64EC-4F45-A2C7-80496CABEC28}.Debug|Any CPU.Build.0 = Debug|Any CPU
		{DE648922-64EC-4F45-A2C7-80496CABEC28}.Release|Any CPU.ActiveCfg = Release|Any CPU
		{DE648922-64EC-4F45-A2C7-80496CABEC28}.Release|Any CPU.Build.0 = Release|Any CPU
		{16E44A43-6D5E-4361-AFBA-B6E081E3AF0C}.Debug|Any CPU.ActiveCfg = Debug|Any CPU
		{16E44A43-6D5E-4361-AFBA-B6E081E3AF0C}.Debug|Any CPU.Build.0 = Debug|Any CPU
		{16E44A43-6D5E-4361-AFBA-B6E081E3AF0C}.Release|Any CPU.ActiveCfg = Release|Any CPU
		{16E44A43-6D5E-4361-AFBA-B6E081E3AF0C}.Release|Any CPU.Build.0 = Release|Any CPU
		{E161B3BE-F260-4032-BA90-49012C082EE5}.Debug|Any CPU.ActiveCfg = Debug|Any CPU
		{E161B3BE-F260-4032-BA90-49012C082EE5}.Debug|Any CPU.Build.0 = Debug|Any CPU
		{E161B3BE-F260-4032-BA90-49012C082EE5}.Release|Any CPU.ActiveCfg = Release|Any CPU
		{E161B3BE-F260-4032-BA90-49012C082EE5}.Release|Any CPU.Build.0 = Release|Any CPU
		{08383205-207F-4B45-B3D2-AFF13A47F984}.Debug|Any CPU.ActiveCfg = Debug|Any CPU
		{08383205-207F-4B45-B3D2-AFF13A47F984}.Debug|Any CPU.Build.0 = Debug|Any CPU
		{08383205-207F-4B45-B3D2-AFF13A47F984}.Release|Any CPU.ActiveCfg = Release|Any CPU
		{08383205-207F-4B45-B3D2-AFF13A47F984}.Release|Any CPU.Build.0 = Release|Any CPU
		{7BB0ECCE-5482-4967-8EB2-D3323B16745A}.Debug|Any CPU.ActiveCfg = Debug|Any CPU
		{7BB0ECCE-5482-4967-8EB2-D3323B16745A}.Debug|Any CPU.Build.0 = Debug|Any CPU
		{7BB0ECCE-5482-4967-8EB2-D3323B16745A}.Release|Any CPU.ActiveCfg = Release|Any CPU
		{7BB0ECCE-5482-4967-8EB2-D3323B16745A}.Release|Any CPU.Build.0 = Release|Any CPU
		{ED4772C1-7916-4335-A2D5-E0D429D3A5FB}.Debug|Any CPU.ActiveCfg = Debug|Any CPU
		{ED4772C1-7916-4335-A2D5-E0D429D3A5FB}.Debug|Any CPU.Build.0 = Debug|Any CPU
		{ED4772C1-7916-4335-A2D5-E0D429D3A5FB}.Release|Any CPU.ActiveCfg = Release|Any CPU
		{ED4772C1-7916-4335-A2D5-E0D429D3A5FB}.Release|Any CPU.Build.0 = Release|Any CPU
		{280EF487-2248-40CE-A898-D0416F0E35A0}.Debug|Any CPU.ActiveCfg = Debug|Any CPU
		{280EF487-2248-40CE-A898-D0416F0E35A0}.Debug|Any CPU.Build.0 = Debug|Any CPU
		{280EF487-2248-40CE-A898-D0416F0E35A0}.Release|Any CPU.ActiveCfg = Release|Any CPU
		{280EF487-2248-40CE-A898-D0416F0E35A0}.Release|Any CPU.Build.0 = Release|Any CPU
		{E48E786C-AE57-4ECD-BB53-714C91F2E87F}.Debug|Any CPU.ActiveCfg = Debug|Any CPU
		{E48E786C-AE57-4ECD-BB53-714C91F2E87F}.Debug|Any CPU.Build.0 = Debug|Any CPU
		{E48E786C-AE57-4ECD-BB53-714C91F2E87F}.Release|Any CPU.ActiveCfg = Release|Any CPU
		{E48E786C-AE57-4ECD-BB53-714C91F2E87F}.Release|Any CPU.Build.0 = Release|Any CPU
		{B27D00A2-2C44-4C6E-A5FF-3C08DB870D69}.Debug|Any CPU.ActiveCfg = Debug|Any CPU
		{B27D00A2-2C44-4C6E-A5FF-3C08DB870D69}.Debug|Any CPU.Build.0 = Debug|Any CPU
		{B27D00A2-2C44-4C6E-A5FF-3C08DB870D69}.Release|Any CPU.ActiveCfg = Release|Any CPU
		{B27D00A2-2C44-4C6E-A5FF-3C08DB870D69}.Release|Any CPU.Build.0 = Release|Any CPU
		{55C68AB8-8FB6-4E7A-9B8E-77D83191136C}.Debug|Any CPU.ActiveCfg = Debug|Any CPU
		{55C68AB8-8FB6-4E7A-9B8E-77D83191136C}.Debug|Any CPU.Build.0 = Debug|Any CPU
		{55C68AB8-8FB6-4E7A-9B8E-77D83191136C}.Release|Any CPU.ActiveCfg = Release|Any CPU
		{55C68AB8-8FB6-4E7A-9B8E-77D83191136C}.Release|Any CPU.Build.0 = Release|Any CPU
		{7168C95A-9E96-47E9-A469-521327C53145}.Debug|Any CPU.ActiveCfg = Debug|Any CPU
		{7168C95A-9E96-47E9-A469-521327C53145}.Debug|Any CPU.Build.0 = Debug|Any CPU
		{7168C95A-9E96-47E9-A469-521327C53145}.Release|Any CPU.ActiveCfg = Release|Any CPU
		{7168C95A-9E96-47E9-A469-521327C53145}.Release|Any CPU.Build.0 = Release|Any CPU
		{B0EB2EC5-8E19-4A90-B899-642049A0D3B9}.Debug|Any CPU.ActiveCfg = Debug|Any CPU
		{B0EB2EC5-8E19-4A90-B899-642049A0D3B9}.Debug|Any CPU.Build.0 = Debug|Any CPU
		{B0EB2EC5-8E19-4A90-B899-642049A0D3B9}.Release|Any CPU.ActiveCfg = Release|Any CPU
		{B0EB2EC5-8E19-4A90-B899-642049A0D3B9}.Release|Any CPU.Build.0 = Release|Any CPU
		{47CCF074-D6B4-450C-860D-3AC370CE0D07}.Debug|Any CPU.ActiveCfg = Debug|Any CPU
		{47CCF074-D6B4-450C-860D-3AC370CE0D07}.Debug|Any CPU.Build.0 = Debug|Any CPU
		{47CCF074-D6B4-450C-860D-3AC370CE0D07}.Release|Any CPU.ActiveCfg = Release|Any CPU
		{47CCF074-D6B4-450C-860D-3AC370CE0D07}.Release|Any CPU.Build.0 = Release|Any CPU
		{E98CF09B-4424-441D-AD48-BFCF25BA74D9}.Debug|Any CPU.ActiveCfg = Debug|Any CPU
		{E98CF09B-4424-441D-AD48-BFCF25BA74D9}.Debug|Any CPU.Build.0 = Debug|Any CPU
		{E98CF09B-4424-441D-AD48-BFCF25BA74D9}.Release|Any CPU.ActiveCfg = Release|Any CPU
		{E98CF09B-4424-441D-AD48-BFCF25BA74D9}.Release|Any CPU.Build.0 = Release|Any CPU
		{21B62069-4FD9-4CE5-9C89-9E5F2DAED680}.Debug|Any CPU.ActiveCfg = Debug|Any CPU
		{21B62069-4FD9-4CE5-9C89-9E5F2DAED680}.Debug|Any CPU.Build.0 = Debug|Any CPU
		{21B62069-4FD9-4CE5-9C89-9E5F2DAED680}.Release|Any CPU.ActiveCfg = Release|Any CPU
		{21B62069-4FD9-4CE5-9C89-9E5F2DAED680}.Release|Any CPU.Build.0 = Release|Any CPU
		{89EF2F82-9D17-4A27-8B8E-AF73AB061320}.Debug|Any CPU.ActiveCfg = Debug|Any CPU
		{89EF2F82-9D17-4A27-8B8E-AF73AB061320}.Debug|Any CPU.Build.0 = Debug|Any CPU
		{89EF2F82-9D17-4A27-8B8E-AF73AB061320}.Release|Any CPU.ActiveCfg = Release|Any CPU
		{89EF2F82-9D17-4A27-8B8E-AF73AB061320}.Release|Any CPU.Build.0 = Release|Any CPU
		{D48EE64E-613E-4916-A6AB-A5AFD70FA050}.Debug|Any CPU.ActiveCfg = Debug|Any CPU
		{D48EE64E-613E-4916-A6AB-A5AFD70FA050}.Debug|Any CPU.Build.0 = Debug|Any CPU
		{D48EE64E-613E-4916-A6AB-A5AFD70FA050}.Release|Any CPU.ActiveCfg = Release|Any CPU
		{D48EE64E-613E-4916-A6AB-A5AFD70FA050}.Release|Any CPU.Build.0 = Release|Any CPU
	EndGlobalSection
	GlobalSection(SolutionProperties) = preSolution
		HideSolutionNode = FALSE
	EndGlobalSection
	GlobalSection(NestedProjects) = preSolution
		{AF9BC8DB-F72A-43F8-B400-D24C02A77B6E} = {8C8A86EE-75F7-43F3-B247-45132CC70B95}
		{ECA20242-5699-4378-9E29-1C44C8412566} = {8C8A86EE-75F7-43F3-B247-45132CC70B95}
		{A9D24DFE-0EA9-434F-9958-1DA107A6EB82} = {8C8A86EE-75F7-43F3-B247-45132CC70B95}
		{6C59AE9D-3AA8-403D-96C2-B29CE707DCE7} = {8C8A86EE-75F7-43F3-B247-45132CC70B95}
		{9F400365-631E-43B2-A810-8E075A41590C} = {AF9BC8DB-F72A-43F8-B400-D24C02A77B6E}
		{8904F326-0D60-427F-AB52-717B29997D1C} = {AF9BC8DB-F72A-43F8-B400-D24C02A77B6E}
		{10CA67BA-D705-4027-814A-664414CDA255} = {AF9BC8DB-F72A-43F8-B400-D24C02A77B6E}
		{20728425-F996-4F46-A7C3-D5BB0DE357FB} = {AF9BC8DB-F72A-43F8-B400-D24C02A77B6E}
		{EBA8B23A-DE9E-4642-8288-761A3CEB72C1} = {8C8A86EE-75F7-43F3-B247-45132CC70B95}
		{75CE257B-1203-48F3-8713-2238D344E1BF} = {EBA8B23A-DE9E-4642-8288-761A3CEB72C1}
		{F813A652-956F-49FB-8201-A42DF9C9BB0E} = {EBA8B23A-DE9E-4642-8288-761A3CEB72C1}
		{BA50DFB6-DC70-4F59-A8AC-E1FDB11316BD} = {EBA8B23A-DE9E-4642-8288-761A3CEB72C1}
		{45BE7D52-BB80-4302-97C2-4B36A16672B3} = {AF9BC8DB-F72A-43F8-B400-D24C02A77B6E}
		{460FEE58-C124-42EE-ABDB-91477A92EBF4} = {0F206CA5-2D6B-4535-A730-8BD14D470FC1}
		{0F206CA5-2D6B-4535-A730-8BD14D470FC1} = {CA956CB7-D2B0-4EA7-8F00-33D93FCF76B5}
		{C266A2AB-5509-4D9C-941B-2601AB56C7AB} = {CA956CB7-D2B0-4EA7-8F00-33D93FCF76B5}
		{7167F98F-2F93-4A0D-BB45-B7AA03C81A72} = {C266A2AB-5509-4D9C-941B-2601AB56C7AB}
		{293043B6-4F02-483F-BC0E-A56ADF6E37FF} = {AF9BC8DB-F72A-43F8-B400-D24C02A77B6E}
		{93DACBC9-6359-4700-B4FF-3E90D60C0EE7} = {34AD2C52-DF19-482D-AFA0-B6A5C3042325}
		{119AC2E9-6082-406E-91F9-3D9176988442} = {CA956CB7-D2B0-4EA7-8F00-33D93FCF76B5}
		{852BB005-0E2E-44FD-A1FA-914C6BE10A8B} = {34AD2C52-DF19-482D-AFA0-B6A5C3042325}
		{5EDE69E9-CDC6-4622-992E-D4EA1DE02B10} = {8A254272-3431-4FCA-B47C-E0EE492B20C2}
		{8845AB44-2BAA-43E0-9C45-1DED02E920C5} = {8BF45945-F20F-43ED-B82C-63EBBD3E74AE}
		{0D9A84DC-6F31-45A9-A686-4FBAF580E447} = {8BF45945-F20F-43ED-B82C-63EBBD3E74AE}
		{8BF45945-F20F-43ED-B82C-63EBBD3E74AE} = {8C8A86EE-75F7-43F3-B247-45132CC70B95}
		{EF774400-3E01-489E-9C04-7DD503F2D5DC} = {8BF45945-F20F-43ED-B82C-63EBBD3E74AE}
		{E85C45D8-F5D3-4A10-932E-1EC21B9D1615} = {8BF45945-F20F-43ED-B82C-63EBBD3E74AE}
		{5A7E1455-C58D-4D51-92A4-AFD47D6C1B84} = {34AD2C52-DF19-482D-AFA0-B6A5C3042325}
		{1B4EF7EF-33A4-486D-9AF9-997235851948} = {8BF45945-F20F-43ED-B82C-63EBBD3E74AE}
		{340E1F4A-C478-469C-9266-B3966F4ED61A} = {8A254272-3431-4FCA-B47C-E0EE492B20C2}
		{70901793-9E60-449C-9041-81D8C438BA6C} = {CA956CB7-D2B0-4EA7-8F00-33D93FCF76B5}
		{E11C8B1F-3829-48B3-B932-521D0E0E0FD3} = {119AC2E9-6082-406E-91F9-3D9176988442}
		{14989855-1B33-49A8-B63E-F53F821E33A1} = {70901793-9E60-449C-9041-81D8C438BA6C}
		{D6395BEA-7C8F-4E8C-A8DA-301499A19071} = {34AD2C52-DF19-482D-AFA0-B6A5C3042325}
		{5341FFF9-CAD5-454F-B84B-0B4433E7D47D} = {34AD2C52-DF19-482D-AFA0-B6A5C3042325}
		{9CC0458C-521B-40AF-82E1-0129ADD0DB66} = {8C8A86EE-75F7-43F3-B247-45132CC70B95}
		{DE648922-64EC-4F45-A2C7-80496CABEC28} = {9CC0458C-521B-40AF-82E1-0129ADD0DB66}
		{16E44A43-6D5E-4361-AFBA-B6E081E3AF0C} = {34AD2C52-DF19-482D-AFA0-B6A5C3042325}
		{0C3AD21F-FC2E-49D9-84CF-12BF4F9FC618} = {8C8A86EE-75F7-43F3-B247-45132CC70B95}
		{E161B3BE-F260-4032-BA90-49012C082EE5} = {8BF45945-F20F-43ED-B82C-63EBBD3E74AE}
		{72DC8B5F-3E24-4C5F-A3FE-6E63160B8BA2} = {8C8A86EE-75F7-43F3-B247-45132CC70B95}
		{08383205-207F-4B45-B3D2-AFF13A47F984} = {72DC8B5F-3E24-4C5F-A3FE-6E63160B8BA2}
		{7BB0ECCE-5482-4967-8EB2-D3323B16745A} = {34AD2C52-DF19-482D-AFA0-B6A5C3042325}
		{5285CFC4-D53B-40CA-9DF2-3DB06FB00D57} = {8C8A86EE-75F7-43F3-B247-45132CC70B95}
		{ED4772C1-7916-4335-A2D5-E0D429D3A5FB} = {5285CFC4-D53B-40CA-9DF2-3DB06FB00D57}
		{280EF487-2248-40CE-A898-D0416F0E35A0} = {34AD2C52-DF19-482D-AFA0-B6A5C3042325}
		{E48E786C-AE57-4ECD-BB53-714C91F2E87F} = {34AD2C52-DF19-482D-AFA0-B6A5C3042325}
		{B27D00A2-2C44-4C6E-A5FF-3C08DB870D69} = {34AD2C52-DF19-482D-AFA0-B6A5C3042325}
		{F61F15ED-2FA2-48C4-825C-674087DF184E} = {ECA20242-5699-4378-9E29-1C44C8412566}
		{55C68AB8-8FB6-4E7A-9B8E-77D83191136C} = {ECA20242-5699-4378-9E29-1C44C8412566}
		{7168C95A-9E96-47E9-A469-521327C53145} = {ECA20242-5699-4378-9E29-1C44C8412566}
		{B0EB2EC5-8E19-4A90-B899-642049A0D3B9} = {F61F15ED-2FA2-48C4-825C-674087DF184E}
		{47CCF074-D6B4-450C-860D-3AC370CE0D07} = {ECA20242-5699-4378-9E29-1C44C8412566}
		{E98CF09B-4424-441D-AD48-BFCF25BA74D9} = {F61F15ED-2FA2-48C4-825C-674087DF184E}
		{21B62069-4FD9-4CE5-9C89-9E5F2DAED680} = {34AD2C52-DF19-482D-AFA0-B6A5C3042325}
		{89EF2F82-9D17-4A27-8B8E-AF73AB061320} = {34AD2C52-DF19-482D-AFA0-B6A5C3042325}
		{D48EE64E-613E-4916-A6AB-A5AFD70FA050} = {ECA20242-5699-4378-9E29-1C44C8412566}
	EndGlobalSection
	GlobalSection(ExtensibilityGlobals) = postSolution
		SolutionGuid = {25CB7005-47B1-4CBF-B0A5-CFFEE10A7F57}
	EndGlobalSection
EndGlobal
